// !$*UTF8*$!
{
	archiveVersion = 1;
	classes = {
	};
	objectVersion = 56;
	objects = {

/* Begin PBXBuildFile section */
		CD3889A42941B2A700638AE1 /* AppDelegate.swift in Sources */ = {isa = PBXBuildFile; fileRef = CD3889A32941B2A700638AE1 /* AppDelegate.swift */; };
		CD3889A62941B2A700638AE1 /* SceneDelegate.swift in Sources */ = {isa = PBXBuildFile; fileRef = CD3889A52941B2A700638AE1 /* SceneDelegate.swift */; };
		CD3889A82941B2A700638AE1 /* ViewController.swift in Sources */ = {isa = PBXBuildFile; fileRef = CD3889A72941B2A700638AE1 /* ViewController.swift */; };
		CD3889AB2941B2A700638AE1 /* Main.storyboard in Resources */ = {isa = PBXBuildFile; fileRef = CD3889A92941B2A700638AE1 /* Main.storyboard */; };
		CD3889AD2941B2A700638AE1 /* Assets.xcassets in Resources */ = {isa = PBXBuildFile; fileRef = CD3889AC2941B2A700638AE1 /* Assets.xcassets */; };
		CD3889B02941B2A700638AE1 /* LaunchScreen.storyboard in Resources */ = {isa = PBXBuildFile; fileRef = CD3889AE2941B2A700638AE1 /* LaunchScreen.storyboard */; };
		CD3889B82941BBE800638AE1 /* MovieCell.swift in Sources */ = {isa = PBXBuildFile; fileRef = CD3889B72941BBE800638AE1 /* MovieCell.swift */; };
		CD3889BE2941BD4200638AE1 /* Movie.swift in Sources */ = {isa = PBXBuildFile; fileRef = CD3889BD2941BD4200638AE1 /* Movie.swift */; };
		CD3889C02941C57000638AE1 /* DataManager.swift in Sources */ = {isa = PBXBuildFile; fileRef = CD3889BF2941C57000638AE1 /* DataManager.swift */; };
/* End PBXBuildFile section */

/* Begin PBXFileReference section */
		CD3889A02941B2A700638AE1 /* TabelView.app */ = {isa = PBXFileReference; explicitFileType = wrapper.application; includeInIndex = 0; path = TabelView.app; sourceTree = BUILT_PRODUCTS_DIR; };
		CD3889A32941B2A700638AE1 /* AppDelegate.swift */ = {isa = PBXFileReference; lastKnownFileType = sourcecode.swift; path = AppDelegate.swift; sourceTree = "<group>"; };
		CD3889A52941B2A700638AE1 /* SceneDelegate.swift */ = {isa = PBXFileReference; lastKnownFileType = sourcecode.swift; path = SceneDelegate.swift; sourceTree = "<group>"; };
		CD3889A72941B2A700638AE1 /* ViewController.swift */ = {isa = PBXFileReference; lastKnownFileType = sourcecode.swift; path = ViewController.swift; sourceTree = "<group>"; };
		CD3889AA2941B2A700638AE1 /* Base */ = {isa = PBXFileReference; lastKnownFileType = file.storyboard; name = Base; path = Base.lproj/Main.storyboard; sourceTree = "<group>"; };
		CD3889AC2941B2A700638AE1 /* Assets.xcassets */ = {isa = PBXFileReference; lastKnownFileType = folder.assetcatalog; path = Assets.xcassets; sourceTree = "<group>"; };
		CD3889AF2941B2A700638AE1 /* Base */ = {isa = PBXFileReference; lastKnownFileType = file.storyboard; name = Base; path = Base.lproj/LaunchScreen.storyboard; sourceTree = "<group>"; };
		CD3889B12941B2A700638AE1 /* Info.plist */ = {isa = PBXFileReference; lastKnownFileType = text.plist.xml; path = Info.plist; sourceTree = "<group>"; };
		CD3889B72941BBE800638AE1 /* MovieCell.swift */ = {isa = PBXFileReference; lastKnownFileType = sourcecode.swift; path = MovieCell.swift; sourceTree = "<group>"; };
		CD3889BD2941BD4200638AE1 /* Movie.swift */ = {isa = PBXFileReference; lastKnownFileType = sourcecode.swift; path = Movie.swift; sourceTree = "<group>"; };
		CD3889BF2941C57000638AE1 /* DataManager.swift */ = {isa = PBXFileReference; lastKnownFileType = sourcecode.swift; path = DataManager.swift; sourceTree = "<group>"; };
/* End PBXFileReference section */

/* Begin PBXFrameworksBuildPhase section */
		CD38899D2941B2A700638AE1 /* Frameworks */ = {
			isa = PBXFrameworksBuildPhase;
			buildActionMask = 2147483647;
			files = (
			);
			runOnlyForDeploymentPostprocessing = 0;
		};
/* End PBXFrameworksBuildPhase section */

/* Begin PBXGroup section */
		CD3889972941B2A700638AE1 = {
			isa = PBXGroup;
			children = (
				CD3889A22941B2A700638AE1 /* TabelView */,
				CD3889A12941B2A700638AE1 /* Products */,
			);
			sourceTree = "<group>";
		};
		CD3889A12941B2A700638AE1 /* Products */ = {
			isa = PBXGroup;
			children = (
				CD3889A02941B2A700638AE1 /* TabelView.app */,
			);
			name = Products;
			sourceTree = "<group>";
		};
		CD3889A22941B2A700638AE1 /* TabelView */ = {
			isa = PBXGroup;
			children = (
				CD3889A32941B2A700638AE1 /* AppDelegate.swift */,
				CD3889A52941B2A700638AE1 /* SceneDelegate.swift */,
				CD3889BA2941BCD500638AE1 /* Models */,
				CD3889BB2941BCDE00638AE1 /* Views */,
				CD3889BC2941BCE400638AE1 /* Controllers */,
				CD3889AC2941B2A700638AE1 /* Assets.xcassets */,
				CD3889AE2941B2A700638AE1 /* LaunchScreen.storyboard */,
				CD3889B12941B2A700638AE1 /* Info.plist */,
			);
			path = TabelView;
			sourceTree = "<group>";
		};
		CD3889BA2941BCD500638AE1 /* Models */ = {
			isa = PBXGroup;
			children = (
				CD3889BD2941BD4200638AE1 /* Movie.swift */,
				CD3889BF2941C57000638AE1 /* DataManager.swift */,
			);
			path = Models;
			sourceTree = "<group>";
		};
		CD3889BB2941BCDE00638AE1 /* Views */ = {
			isa = PBXGroup;
			children = (
				CD3889B72941BBE800638AE1 /* MovieCell.swift */,
				CD3889A92941B2A700638AE1 /* Main.storyboard */,
			);
			path = Views;
			sourceTree = "<group>";
		};
		CD3889BC2941BCE400638AE1 /* Controllers */ = {
			isa = PBXGroup;
			children = (
				CD3889A72941B2A700638AE1 /* ViewController.swift */,
			);
			path = Controllers;
			sourceTree = "<group>";
		};
/* End PBXGroup section */

/* Begin PBXNativeTarget section */
		CD38899F2941B2A700638AE1 /* TabelView */ = {
			isa = PBXNativeTarget;
			buildConfigurationList = CD3889B42941B2A700638AE1 /* Build configuration list for PBXNativeTarget "TabelView" */;
			buildPhases = (
				CD38899C2941B2A700638AE1 /* Sources */,
				CD38899D2941B2A700638AE1 /* Frameworks */,
				CD38899E2941B2A700638AE1 /* Resources */,
			);
			buildRules = (
			);
			dependencies = (
			);
			name = TabelView;
			productName = TabelView;
			productReference = CD3889A02941B2A700638AE1 /* TabelView.app */;
			productType = "com.apple.product-type.application";
		};
/* End PBXNativeTarget section */

/* Begin PBXProject section */
		CD3889982941B2A700638AE1 /* Project object */ = {
			isa = PBXProject;
			attributes = {
				BuildIndependentTargetsInParallel = 1;
				LastSwiftUpdateCheck = 1410;
				LastUpgradeCheck = 1410;
				TargetAttributes = {
					CD38899F2941B2A700638AE1 = {
						CreatedOnToolsVersion = 14.1;
					};
				};
			};
			buildConfigurationList = CD38899B2941B2A700638AE1 /* Build configuration list for PBXProject "TabelView" */;
			compatibilityVersion = "Xcode 14.0";
			developmentRegion = en;
			hasScannedForEncodings = 0;
			knownRegions = (
				en,
				Base,
			);
			mainGroup = CD3889972941B2A700638AE1;
			productRefGroup = CD3889A12941B2A700638AE1 /* Products */;
			projectDirPath = "";
			projectRoot = "";
			targets = (
				CD38899F2941B2A700638AE1 /* TabelView */,
			);
		};
/* End PBXProject section */

/* Begin PBXResourcesBuildPhase section */
		CD38899E2941B2A700638AE1 /* Resources */ = {
			isa = PBXResourcesBuildPhase;
			buildActionMask = 2147483647;
			files = (
				CD3889B02941B2A700638AE1 /* LaunchScreen.storyboard in Resources */,
				CD3889AD2941B2A700638AE1 /* Assets.xcassets in Resources */,
				CD3889AB2941B2A700638AE1 /* Main.storyboard in Resources */,
			);
			runOnlyForDeploymentPostprocessing = 0;
		};
/* End PBXResourcesBuildPhase section */

/* Begin PBXSourcesBuildPhase section */
		CD38899C2941B2A700638AE1 /* Sources */ = {
			isa = PBXSourcesBuildPhase;
			buildActionMask = 2147483647;
			files = (
				CD3889A82941B2A700638AE1 /* ViewController.swift in Sources */,
				CD3889C02941C57000638AE1 /* DataManager.swift in Sources */,
				CD3889A42941B2A700638AE1 /* AppDelegate.swift in Sources */,
				CD3889B82941BBE800638AE1 /* MovieCell.swift in Sources */,
				CD3889A62941B2A700638AE1 /* SceneDelegate.swift in Sources */,
				CD3889BE2941BD4200638AE1 /* Movie.swift in Sources */,
			);
			runOnlyForDeploymentPostprocessing = 0;
		};
/* End PBXSourcesBuildPhase section */

/* Begin PBXVariantGroup section */
		CD3889A92941B2A700638AE1 /* Main.storyboard */ = {
			isa = PBXVariantGroup;
			children = (
				CD3889AA2941B2A700638AE1 /* Base */,
			);
			name = Main.storyboard;
			sourceTree = "<group>";
		};
		CD3889AE2941B2A700638AE1 /* LaunchScreen.storyboard */ = {
			isa = PBXVariantGroup;
			children = (
				CD3889AF2941B2A700638AE1 /* Base */,
			);
			name = LaunchScreen.storyboard;
			sourceTree = "<group>";
		};
/* End PBXVariantGroup section */

/* Begin XCBuildConfiguration section */
		CD3889B22941B2A700638AE1 /* Debug */ = {
			isa = XCBuildConfiguration;
			buildSettings = {
				ALWAYS_SEARCH_USER_PATHS = NO;
				CLANG_ANALYZER_NONNULL = YES;
				CLANG_ANALYZER_NUMBER_OBJECT_CONVERSION = YES_AGGRESSIVE;
				CLANG_CXX_LANGUAGE_STANDARD = "gnu++20";
				CLANG_ENABLE_MODULES = YES;
				CLANG_ENABLE_OBJC_ARC = YES;
				CLANG_ENABLE_OBJC_WEAK = YES;
				CLANG_WARN_BLOCK_CAPTURE_AUTORELEASING = YES;
				CLANG_WARN_BOOL_CONVERSION = YES;
				CLANG_WARN_COMMA = YES;
				CLANG_WARN_CONSTANT_CONVERSION = YES;
				CLANG_WARN_DEPRECATED_OBJC_IMPLEMENTATIONS = YES;
				CLANG_WARN_DIRECT_OBJC_ISA_USAGE = YES_ERROR;
				CLANG_WARN_DOCUMENTATION_COMMENTS = YES;
				CLANG_WARN_EMPTY_BODY = YES;
				CLANG_WARN_ENUM_CONVERSION = YES;
				CLANG_WARN_INFINITE_RECURSION = YES;
				CLANG_WARN_INT_CONVERSION = YES;
				CLANG_WARN_NON_LITERAL_NULL_CONVERSION = YES;
				CLANG_WARN_OBJC_IMPLICIT_RETAIN_SELF = YES;
				CLANG_WARN_OBJC_LITERAL_CONVERSION = YES;
				CLANG_WARN_OBJC_ROOT_CLASS = YES_ERROR;
				CLANG_WARN_QUOTED_INCLUDE_IN_FRAMEWORK_HEADER = YES;
				CLANG_WARN_RANGE_LOOP_ANALYSIS = YES;
				CLANG_WARN_STRICT_PROTOTYPES = YES;
				CLANG_WARN_SUSPICIOUS_MOVE = YES;
				CLANG_WARN_UNGUARDED_AVAILABILITY = YES_AGGRESSIVE;
				CLANG_WARN_UNREACHABLE_CODE = YES;
				CLANG_WARN__DUPLICATE_METHOD_MATCH = YES;
				COPY_PHASE_STRIP = NO;
				DEBUG_INFORMATION_FORMAT = dwarf;
				ENABLE_STRICT_OBJC_MSGSEND = YES;
				ENABLE_TESTABILITY = YES;
				GCC_C_LANGUAGE_STANDARD = gnu11;
				GCC_DYNAMIC_NO_PIC = NO;
				GCC_NO_COMMON_BLOCKS = YES;
				GCC_OPTIMIZATION_LEVEL = 0;
				GCC_PREPROCESSOR_DEFINITIONS = (
					"DEBUG=1",
					"$(inherited)",
				);
				GCC_WARN_64_TO_32_BIT_CONVERSION = YES;
				GCC_WARN_ABOUT_RETURN_TYPE = YES_ERROR;
				GCC_WARN_UNDECLARED_SELECTOR = YES;
				GCC_WARN_UNINITIALIZED_AUTOS = YES_AGGRESSIVE;
				GCC_WARN_UNUSED_FUNCTION = YES;
				GCC_WARN_UNUSED_VARIABLE = YES;
				IPHONEOS_DEPLOYMENT_TARGET = 16.1;
				MTL_ENABLE_DEBUG_INFO = INCLUDE_SOURCE;
				MTL_FAST_MATH = YES;
				ONLY_ACTIVE_ARCH = YES;
				SDKROOT = iphoneos;
				SWIFT_ACTIVE_COMPILATION_CONDITIONS = DEBUG;
				SWIFT_OPTIMIZATION_LEVEL = "-Onone";
			};
			name = Debug;
		};
		CD3889B32941B2A700638AE1 /* Release */ = {
			isa = XCBuildConfiguration;
			buildSettings = {
				ALWAYS_SEARCH_USER_PATHS = NO;
				CLANG_ANALYZER_NONNULL = YES;
				CLANG_ANALYZER_NUMBER_OBJECT_CONVERSION = YES_AGGRESSIVE;
				CLANG_CXX_LANGUAGE_STANDARD = "gnu++20";
				CLANG_ENABLE_MODULES = YES;
				CLANG_ENABLE_OBJC_ARC = YES;
				CLANG_ENABLE_OBJC_WEAK = YES;
				CLANG_WARN_BLOCK_CAPTURE_AUTORELEASING = YES;
				CLANG_WARN_BOOL_CONVERSION = YES;
				CLANG_WARN_COMMA = YES;
				CLANG_WARN_CONSTANT_CONVERSION = YES;
				CLANG_WARN_DEPRECATED_OBJC_IMPLEMENTATIONS = YES;
				CLANG_WARN_DIRECT_OBJC_ISA_USAGE = YES_ERROR;
				CLANG_WARN_DOCUMENTATION_COMMENTS = YES;
				CLANG_WARN_EMPTY_BODY = YES;
				CLANG_WARN_ENUM_CONVERSION = YES;
				CLANG_WARN_INFINITE_RECURSION = YES;
				CLANG_WARN_INT_CONVERSION = YES;
				CLANG_WARN_NON_LITERAL_NULL_CONVERSION = YES;
				CLANG_WARN_OBJC_IMPLICIT_RETAIN_SELF = YES;
				CLANG_WARN_OBJC_LITERAL_CONVERSION = YES;
				CLANG_WARN_OBJC_ROOT_CLASS = YES_ERROR;
				CLANG_WARN_QUOTED_INCLUDE_IN_FRAMEWORK_HEADER = YES;
				CLANG_WARN_RANGE_LOOP_ANALYSIS = YES;
				CLANG_WARN_STRICT_PROTOTYPES = YES;
				CLANG_WARN_SUSPICIOUS_MOVE = YES;
				CLANG_WARN_UNGUARDED_AVAILABILITY = YES_AGGRESSIVE;
				CLANG_WARN_UNREACHABLE_CODE = YES;
				CLANG_WARN__DUPLICATE_METHOD_MATCH = YES;
				COPY_PHASE_STRIP = NO;
				DEBUG_INFORMATION_FORMAT = "dwarf-with-dsym";
				ENABLE_NS_ASSERTIONS = NO;
				ENABLE_STRICT_OBJC_MSGSEND = YES;
				GCC_C_LANGUAGE_STANDARD = gnu11;
				GCC_NO_COMMON_BLOCKS = YES;
				GCC_WARN_64_TO_32_BIT_CONVERSION = YES;
				GCC_WARN_ABOUT_RETURN_TYPE = YES_ERROR;
				GCC_WARN_UNDECLARED_SELECTOR = YES;
				GCC_WARN_UNINITIALIZED_AUTOS = YES_AGGRESSIVE;
				GCC_WARN_UNUSED_FUNCTION = YES;
				GCC_WARN_UNUSED_VARIABLE = YES;
				IPHONEOS_DEPLOYMENT_TARGET = 16.1;
				MTL_ENABLE_DEBUG_INFO = NO;
				MTL_FAST_MATH = YES;
				SDKROOT = iphoneos;
				SWIFT_COMPILATION_MODE = wholemodule;
				SWIFT_OPTIMIZATION_LEVEL = "-O";
				VALIDATE_PRODUCT = YES;
			};
			name = Release;
		};
		CD3889B52941B2A700638AE1 /* Debug */ = {
			isa = XCBuildConfiguration;
			buildSettings = {
				ASSETCATALOG_COMPILER_APPICON_NAME = AppIcon;
				ASSETCATALOG_COMPILER_GLOBAL_ACCENT_COLOR_NAME = AccentColor;
				CODE_SIGN_STYLE = Automatic;
				CURRENT_PROJECT_VERSION = 1;
				DEVELOPMENT_TEAM = GJ4869YJUW;
				GENERATE_INFOPLIST_FILE = YES;
				INFOPLIST_FILE = TabelView/Info.plist;
				INFOPLIST_KEY_UIApplicationSupportsIndirectInputEvents = YES;
				INFOPLIST_KEY_UILaunchStoryboardName = LaunchScreen;
				INFOPLIST_KEY_UIMainStoryboardFile = Main;
				INFOPLIST_KEY_UISupportedInterfaceOrientations = UIInterfaceOrientationPortrait;
				INFOPLIST_KEY_UISupportedInterfaceOrientations_iPad = "UIInterfaceOrientationLandscapeLeft UIInterfaceOrientationLandscapeRight UIInterfaceOrientationPortrait UIInterfaceOrientationPortraitUpsideDown";
				IPHONEOS_DEPLOYMENT_TARGET = 13.0;
				LD_RUNPATH_SEARCH_PATHS = (
					"$(inherited)",
					"@executable_path/Frameworks",
				);
				MARKETING_VERSION = 1.0;
				PRODUCT_BUNDLE_IDENTIFIER = com.arielK.NavigationBar;
				PRODUCT_NAME = "$(TARGET_NAME)";
				SWIFT_EMIT_LOC_STRINGS = YES;
				SWIFT_VERSION = 5.0;
				TARGETED_DEVICE_FAMILY = "1,2";
			};
			name = Debug;
		};
		CD3889B62941B2A700638AE1 /* Release */ = {
			isa = XCBuildConfiguration;
			buildSettings = {
				ASSETCATALOG_COMPILER_APPICON_NAME = AppIcon;
				ASSETCATALOG_COMPILER_GLOBAL_ACCENT_COLOR_NAME = AccentColor;
				CODE_SIGN_STYLE = Automatic;
				CURRENT_PROJECT_VERSION = 1;
				DEVELOPMENT_TEAM = GJ4869YJUW;
				GENERATE_INFOPLIST_FILE = YES;
				INFOPLIST_FILE = TabelView/Info.plist;
				INFOPLIST_KEY_UIApplicationSupportsIndirectInputEvents = YES;
				INFOPLIST_KEY_UILaunchStoryboardName = LaunchScreen;
				INFOPLIST_KEY_UIMainStoryboardFile = Main;
				INFOPLIST_KEY_UISupportedInterfaceOrientations = UIInterfaceOrientationPortrait;
				INFOPLIST_KEY_UISupportedInterfaceOrientations_iPad = "UIInterfaceOrientationLandscapeLeft UIInterfaceOrientationLandscapeRight UIInterfaceOrientationPortrait UIInterfaceOrientationPortraitUpsideDown";
				IPHONEOS_DEPLOYMENT_TARGET = 13.0;
				LD_RUNPATH_SEARCH_PATHS = (
					"$(inherited)",
					"@executable_path/Frameworks",
				);
				MARKETING_VERSION = 1.0;
				PRODUCT_BUNDLE_IDENTIFIER = com.arielK.NavigationBar;
				PRODUCT_NAME = "$(TARGET_NAME)";
				SWIFT_EMIT_LOC_STRINGS = YES;
				SWIFT_VERSION = 5.0;
				TARGETED_DEVICE_FAMILY = "1,2";
			};
			name = Release;
		};
/* End XCBuildConfiguration section */

/* Begin XCConfigurationList section */
		CD38899B2941B2A700638AE1 /* Build configuration list for PBXProject "TabelView" */ = {
			isa = XCConfigurationList;
			buildConfigurations = (
				CD3889B22941B2A700638AE1 /* Debug */,
				CD3889B32941B2A700638AE1 /* Release */,
			);
			defaultConfigurationIsVisible = 0;
			defaultConfigurationName = Release;
		};
		CD3889B42941B2A700638AE1 /* Build configuration list for PBXNativeTarget "TabelView" */ = {
			isa = XCConfigurationList;
			buildConfigurations = (
				CD3889B52941B2A700638AE1 /* Debug */,
				CD3889B62941B2A700638AE1 /* Release */,
			);
			defaultConfigurationIsVisible = 0;
			defaultConfigurationName = Release;
		};
/* End XCConfigurationList section */
	};
	rootObject = CD3889982941B2A700638AE1 /* Project object */;
}
